{
    "name": "nckuhub-frontend",
    "version": "0.0.0",
    "lockfileVersion": 1,
    "requires": true,
    "dependencies": {
        "primeicons": {
            "version": "5.0.0",
            "resolved": "https://registry.npmjs.org/primeicons/-/primeicons-5.0.0.tgz",
            "integrity": "sha512-heygWF0X5HFI1otlZE62pp6ye7sZ8om78J9au2BRkg8O7Y8AHTZ9qKMRzchZUHLe8zUAvdi6hZzzm9XxgwIExw=="
        },
        "primeng": {
            "version": "12.2.3",
            "resolved": "https://registry.npmjs.org/primeng/-/primeng-12.2.3.tgz",
            "integrity": "sha512-O6NrFpdr8fPyD+8y85zGiBj5vacD2JZuBA2D6UpFav/8hx1OHX4hJYPGSZDyiAXn8v3lQjVD72ekIqox70II4A==",
            "requires": {
                "tslib": "^2.1.0"
            },
            "dependencies": {
                "tslib": {
                    "version": "2.3.1",
                    "resolved": "https://registry.npmjs.org/tslib/-/tslib-2.3.1.tgz",
                    "integrity": "sha512-77EbyPPpMz+FRFRuAFlWMtmgUWGe9UOG2Z25NqCwiIjRhOf5iKGuzSe5P2w1laq+FkRy4p+PCuVkJSGkzTEKVw=="
                }
            }
        },
        "yarn": {
            "version": "1.22.17",
            "resolved": "https://registry.npmjs.org/yarn/-/yarn-1.22.17.tgz",
            "integrity": "sha512-H0p241BXaH0UN9IeH//RT82tl5PfNraVpSpEoW+ET7lmopNC61eZ+A+IDvU8FM6Go5vx162SncDL8J1ZjRBriQ=="
        }
    }
}
